<?xml version="1.0" encoding="utf-8"?>
<Project ToolsVersion="4.0" xmlns="http://schemas.microsoft.com/developer/msbuild/2003">
  <ItemGroup>
    <Filter Include="Source Files">
      <UniqueIdentifier>{4FC737F1-C7A5-4376-A066-2A32D752A2FF}</UniqueIdentifier>
      <Extensions>cpp;c;cc;cxx;def;odl;idl;hpj;bat;asm;asmx</Extensions>
    </Filter>
    <Filter Include="Header Files">
      <UniqueIdentifier>{93995380-89BD-4b04-88EB-625FBE52EBFB}</UniqueIdentifier>
      <Extensions>h;hh;hpp;hxx;hm;inl;inc;ipp;xsd</Extensions>
    </Filter>
    <Filter Include="Resource Files">
      <UniqueIdentifier>{67DA6AB6-F800-4c08-8B7A-83BB121AAD01}</UniqueIdentifier>
      <Extensions>rc;ico;cur;bmp;dlg;rc2;rct;bin;rgs;gif;jpg;jpeg;jpe;resx;tiff;tif;png;wav;mfcribbon-ms</Extensions>
    </Filter>
    <Filter Include="Currency">
      <UniqueIdentifier>{9ec9ad71-ead2-40bd-adeb-c515a5c63608}</UniqueIdentifier>
    </Filter>
  </ItemGroup>
  <ItemGroup>
    <ClCompile Include="poeapp.cpp">
      <Filter>Source Files</Filter>
    </ClCompile>
  </ItemGroup>
  <ItemGroup>
    <ClInclude Include="poeappwindow.h">
      <Filter>Header Files</Filter>
    </ClInclude>
    <ClInclude Include="Currency.h">
      <Filter>Header Files</Filter>
    </ClInclude>
    <ClInclude Include="Settings.h">
      <Filter>Header Files</Filter>
    </ClInclude>
  </ItemGroup>
  <ItemGroup>
    <Image Include="currency\acs.png">
      <Filter>Currency</Filter>
    </Image>
    <Image Include="currency\chaos.png">
      <Filter>Currency</Filter>
    </Image>
    <Image Include="currency\gcp.png">
      <Filter>Currency</Filter>
    </Image>
    <Image Include="currency\jcs.png">
      <Filter>Currency</Filter>
    </Image>
    <Image Include="currency\mcs.png">
      <Filter>Currency</Filter>
    </Image>
    <Image Include="currency\regal.png">
      <Filter>Currency</Filter>
    </Image>
    <Image Include="currency\regret.png">
      <Filter>Currency</Filter>
    </Image>
    <Image Include="currency\vaal.png">
      <Filter>Currency</Filter>
    </Image>
    <Image Include="currency\mirror-unused.png">
      <Filter>Currency</Filter>
    </Image>
    <Image Include="currency\stackeddeck-unused.png">
      <Filter>Currency</Filter>
    </Image>
    <Image Include="currency\alt.png">
      <Filter>Currency</Filter>
    </Image>
    <Image Include="currency\bauble.png">
      <Filter>Currency</Filter>
    </Image>
    <Image Include="currency\chance.png">
      <Filter>Currency</Filter>
    </Image>
    <Image Include="currency\chrom.png">
      <Filter>Currency</Filter>
    </Image>
    <Image Include="currency\jew.png">
      <Filter>Currency</Filter>
    </Image>
    <Image Include="currency\alch.png">
      <Filter>Currency</Filter>
    </Image>
    <Image Include="currency\annul.png">
      <Filter>Currency</Filter>
    </Image>
    <Image Include="currency\bless.png">
      <Filter>Currency</Filter>
    </Image>
    <Image Include="currency\chis.png">
      <Filter>Currency</Filter>
    </Image>
    <Image Include="currency\div.png">
      <Filter>Currency</Filter>
    </Image>
    <Image Include="currency\exa.png">
      <Filter>Currency</Filter>
    </Image>
    <Image Include="currency\fus.png">
      <Filter>Currency</Filter>
    </Image>
    <Image Include="currency\scour.png">
      <Filter>Currency</Filter>
    </Image>
    <Image Include="currency\silv.png">
      <Filter>Currency</Filter>
    </Image>
  </ItemGroup>
</Project>